
Microsoft Visual Studio Solution File, Format Version 12.00
# Visual Studio Version 16
VisualStudioVersion = 16.0.30002.166
MinimumVisualStudioVersion = 10.0.40219.1
Project("{FAE04EC0-301F-11D3-BF4B-00C04F79EFBC}") = "monthseason", "monthseason\monthseason.csproj", "{9B8DD05F-F839-4FC7-93E0-A3489A82A593}"
EndProject
Global
	GlobalSection(SolutionConfigurationPlatforms) = preSolution
		Debug|Any CPU = Debug|Any CPU
		Release|Any CPU = Release|Any CPU
	EndGlobalSection
	GlobalSection(ProjectConfigurationPlatforms) = postSolution
		{9B8DD05F-F839-4FC7-93E0-A3489A82A593}.Debug|Any CPU.ActiveCfg = Debug|Any CPU
		{9B8DD05F-F839-4FC7-93E0-A3489A82A593}.Debug|Any CPU.Build.0 = Debug|Any CPU
		{9B8DD05F-F839-4FC7-93E0-A3489A82A593}.Release|Any CPU.ActiveCfg = Release|Any CPU
		{9B8DD05F-F839-4FC7-93E0-A3489A82A593}.Release|Any CPU.Build.0 = Release|Any CPU
	EndGlobalSection
	GlobalSection(SolutionProperties) = preSolution
		HideSolutionNode = FALSE
	EndGlobalSection
	GlobalSection(ExtensibilityGlobals) = postSolution
		SolutionGuid = {55EF1478-1562-4E21-9C05-1871ABF0785B}
	EndGlobalSection
EndGlobal
